<?xml version="1.0" encoding="UTF-8"?>
<Scheme
   LastUpgradeVersion = "1020"
   version = "1.3">
   <BuildAction
      parallelizeBuildables = "YES"
      buildImplicitDependencies = "YES">
      <BuildActionEntries>
         <BuildActionEntry
            buildForTesting = "YES"
            buildForRunning = "YES"
            buildForProfiling = "YES"
            buildForArchiving = "YES"
            buildForAnalyzing = "YES">
            <BuildableReference
               BuildableIdentifier = "primary"
               BlueprintIdentifier = "08B614FE23225CE000908DB2"
               BuildableName = "UI Challenge.app"
               BlueprintName = "FeediOSApp"
               ReferencedContainer = "container:UIDesignPatternsChallenge.xcodeproj">
            </BuildableReference>
         </BuildActionEntry>
      </BuildActionEntries>
   </BuildAction>
   <TestAction
      buildConfiguration = "Debug"
      selectedDebuggerIdentifier = "Xcode.DebuggerFoundation.Debugger.LLDB"
      selectedLauncherIdentifier = "Xcode.DebuggerFoundation.Launcher.LLDB"
      codeCoverageEnabled = "YES"
      onlyGenerateCoverageForSpecifiedTargets = "YES"
      shouldUseLaunchSchemeArgsEnv = "YES">
      <CodeCoverageTargets>
         <BuildableReference
            BuildableIdentifier = "primary"
            BlueprintIdentifier = "08B615302322674A00908DB2"
            BuildableName = "FeedFeature.framework"
            BlueprintName = "FeedFeature"
            ReferencedContainer = "container:UIDesignPatternsChallenge.xcodeproj">
         </BuildableReference>
         <BuildableReference
            BuildableIdentifier = "primary"
            BlueprintIdentifier = "08F3B5B32322526C00510CE7"
            BuildableName = "MVC.framework"
            BlueprintName = "MVC"
            ReferencedContainer = "container:UIDesignPatternsChallenge.xcodeproj">
         </BuildableReference>
         <BuildableReference
            BuildableIdentifier = "primary"
            BlueprintIdentifier = "08F3B616232255F700510CE7"
            BuildableName = "MVVM.framework"
            BlueprintName = "MVVM"
            ReferencedContainer = "container:UIDesignPatternsChallenge.xcodeproj">
         </BuildableReference>
         <BuildableReference
            BuildableIdentifier = "primary"
            BlueprintIdentifier = "08F3B679232257E100510CE7"
            BuildableName = "MVP.framework"
            BlueprintName = "MVP"
            ReferencedContainer = "container:UIDesignPatternsChallenge.xcodeproj">
         </BuildableReference>
         <BuildableReference
            BuildableIdentifier = "primary"
            BlueprintIdentifier = "08B614FE23225CE000908DB2"
            BuildableName = "UI Challenge.app"
            BlueprintName = "FeediOSApp"
            ReferencedContainer = "container:UIDesignPatternsChallenge.xcodeproj">
         </BuildableReference>
      </CodeCoverageTargets>
      <Testables>
         <TestableReference
            skipped = "NO"
            testExecutionOrdering = "random">
            <BuildableReference
               BuildableIdentifier = "primary"
               BlueprintIdentifier = "08F3B5BB2322526C00510CE7"
               BuildableName = "MVCTests.xctest"
               BlueprintName = "MVCTests"
               ReferencedContainer = "container:UIDesignPatternsChallenge.xcodeproj">
            </BuildableReference>
         </TestableReference>
         <TestableReference
            skipped = "NO"
            testExecutionOrdering = "random">
            <BuildableReference
               BuildableIdentifier = "primary"
               BlueprintIdentifier = "08F3B681232257E100510CE7"
               BuildableName = "MVPTests.xctest"
               BlueprintName = "MVPTests"
               ReferencedContainer = "container:UIDesignPatternsChallenge.xcodeproj">
            </BuildableReference>
         </TestableReference>
         <TestableReference
            skipped = "NO"
            testExecutionOrdering = "random">
            <BuildableReference
               BuildableIdentifier = "primary"
               BlueprintIdentifier = "08F3B61E232255F800510CE7"
               BuildableName = "MVVMTests.xctest"
               BlueprintName = "MVVMTests"
               ReferencedContainer = "container:UIDesignPatternsChallenge.xcodeproj">
            </BuildableReference>
         </TestableReference>
         <TestableReference
            skipped = "NO"
            testExecutionOrdering = "random">
            <BuildableReference
               BuildableIdentifier = "primary"
               BlueprintIdentifier = "08B6151323225CE200908DB2"
               BuildableName = "FeediOSAppTests.xctest"
               BlueprintName = "FeediOSAppTests"
               ReferencedContainer = "container:UIDesignPatternsChallenge.xcodeproj">
            </BuildableReference>
         </TestableReference>
      </Testables>
      <MacroExpansion>
         <BuildableReference
            BuildableIdentifier = "primary"
            BlueprintIdentifier = "08B614FE23225CE000908DB2"
            BuildableName = "UI Challenge.app"
            BlueprintName = "FeediOSApp"
            ReferencedContainer = "container:UIDesignPatternsChallenge.xcodeproj">
         </BuildableReference>
      </MacroExpansion>
      <AdditionalOptions>
      </AdditionalOptions>
   </TestAction>
   <LaunchAction
      buildConfiguration = "Debug"
      selectedDebuggerIdentifier = "Xcode.DebuggerFoundation.Debugger.LLDB"
      selectedLauncherIdentifier = "Xcode.DebuggerFoundation.Launcher.LLDB"
      launchStyle = "0"
      useCustomWorkingDirectory = "NO"
      ignoresPersistentStateOnLaunch = "NO"
      debugDocumentVersioning = "YES"
      debugServiceExtension = "internal"
      allowLocationSimulation = "YES">
      <BuildableProductRunnable
         runnableDebuggingMode = "0">
         <BuildableReference
            BuildableIdentifier = "primary"
            BlueprintIdentifier = "08B614FE23225CE000908DB2"
            BuildableName = "UI Challenge.app"
            BlueprintName = "FeediOSApp"
            ReferencedContainer = "container:UIDesignPatternsChallenge.xcodeproj">
         </BuildableReference>
      </BuildableProductRunnable>
      <AdditionalOptions>
      </AdditionalOptions>
   </LaunchAction>
   <ProfileAction
      buildConfiguration = "Release"
      shouldUseLaunchSchemeArgsEnv = "YES"
      savedToolIdentifier = ""
      useCustomWorkingDirectory = "NO"
      debugDocumentVersioning = "YES">
      <BuildableProductRunnable
         runnableDebuggingMode = "0">
         <BuildableReference
            BuildableIdentifier = "primary"
            BlueprintIdentifier = "08B614FE23225CE000908DB2"
            BuildableName = "UI Challenge.app"
            BlueprintName = "FeediOSApp"
            ReferencedContainer = "container:UIDesignPatternsChallenge.xcodeproj">
         </BuildableReference>
      </BuildableProductRunnable>
   </ProfileAction>
   <AnalyzeAction
      buildConfiguration = "Debug">
   </AnalyzeAction>
   <ArchiveAction
      buildConfiguration = "Release"
      revealArchiveInOrganizer = "YES">
   </ArchiveAction>
</Scheme>
